
Microsoft Visual Studio Solution File, Format Version 12.00
# Visual Studio Version 17
VisualStudioVersion = 17.9.34728.123
MinimumVisualStudioVersion = 10.0.40219.1
Project("{FAE04EC0-301F-11D3-BF4B-00C04F79EFBC}") = "E-Learning", "E-Learning\E-Learning.csproj", "{AF857700-7331-4FC2-870A-CC0BBAFF5639}"
EndProject
Global
	GlobalSection(SolutionConfigurationPlatforms) = preSolution
		Debug|Any CPU = Debug|Any CPU
		Release|Any CPU = Release|Any CPU
	EndGlobalSection
	GlobalSection(ProjectConfigurationPlatforms) = postSolution
		{AF857700-7331-4FC2-870A-CC0BBAFF5639}.Debug|Any CPU.ActiveCfg = Debug|Any CPU
		{AF857700-7331-4FC2-870A-CC0BBAFF5639}.Debug|Any CPU.Build.0 = Debug|Any CPU
		{AF857700-7331-4FC2-870A-CC0BBAFF5639}.Release|Any CPU.ActiveCfg = Release|Any CPU
		{AF857700-7331-4FC2-870A-CC0BBAFF5639}.Release|Any CPU.Build.0 = Release|Any CPU
	EndGlobalSection
	GlobalSection(SolutionProperties) = preSolution
		HideSolutionNode = FALSE
	EndGlobalSection
	GlobalSection(ExtensibilityGlobals) = postSolution
		SolutionGuid = {6C317B8C-C664-4103-87E3-FEDE21383A4E}
	EndGlobalSection
EndGlobal
